
Microsoft Visual Studio Solution File, Format Version 12.00
# Visual Studio Version 16
VisualStudioVersion = 16.0.30503.244
MinimumVisualStudioVersion = 10.0.40219.1
Project("{FAE04EC0-301F-11D3-BF4B-00C04F79EFBC}") = "Launcher_Atenas", "Launcher_Atenas\Launcher_Atenas.csproj", "{542ADAE9-5347-4D1F-96F4-A4AF613E4607}"
EndProject
Global
	GlobalSection(SolutionConfigurationPlatforms) = preSolution
		Debug|Any CPU = Debug|Any CPU
		Release|Any CPU = Release|Any CPU
	EndGlobalSection
	GlobalSection(ProjectConfigurationPlatforms) = postSolution
		{542ADAE9-5347-4D1F-96F4-A4AF613E4607}.Debug|Any CPU.ActiveCfg = Debug|Any CPU
		{542ADAE9-5347-4D1F-96F4-A4AF613E4607}.Debug|Any CPU.Build.0 = Debug|Any CPU
		{542ADAE9-5347-4D1F-96F4-A4AF613E4607}.Release|Any CPU.ActiveCfg = Release|Any CPU
		{542ADAE9-5347-4D1F-96F4-A4AF613E4607}.Release|Any CPU.Build.0 = Release|Any CPU
	EndGlobalSection
	GlobalSection(SolutionProperties) = preSolution
		HideSolutionNode = FALSE
	EndGlobalSection
	GlobalSection(ExtensibilityGlobals) = postSolution
		SolutionGuid = {DC1C9E91-AC52-4299-B81F-69AC9DAB0999}
	EndGlobalSection
EndGlobal
